// !$*UTF8*$!
{
	archiveVersion = 1;
	classes = {
	};
	objectVersion = 46;
	objects = {

/* Begin PBXBuildFile section */
		836F69651B1FAFA2004C09C8 /* libConverter.a in Frameworks */ = {isa = PBXBuildFile; fileRef = 836F69591B1FAFA2004C09C8 /* libConverter.a */; };
		839865AA1B23128C00F2A42F /* ConvertNumber.cpp in Sources */ = {isa = PBXBuildFile; fileRef = 839865A81B23128C00F2A42F /* ConvertNumber.cpp */; };
		839865AD1B23191E00F2A42F /* ConvertNumber.h in Headers */ = {isa = PBXBuildFile; fileRef = 839865A91B23128C00F2A42F /* ConvertNumber.h */; settings = {ATTRIBUTES = (Public, ); }; };
/* End PBXBuildFile section */

/* Begin PBXContainerItemProxy section */
		836F69661B1FAFA2004C09C8 /* PBXContainerItemProxy */ = {
			isa = PBXContainerItemProxy;
			containerPortal = 836F69511B1FAFA2004C09C8 /* Project object */;
			proxyType = 1;
			remoteGlobalIDString = 836F69581B1FAFA2004C09C8;
			remoteInfo = Converter;
		};
/* End PBXContainerItemProxy section */

/* Begin PBXCopyFilesBuildPhase section */
		836F69571B1FAFA2004C09C8 /* Copy Files */ = {
			isa = PBXCopyFilesBuildPhase;
			buildActionMask = 12;
			dstPath = "include/$(PRODUCT_NAME)";
			dstSubfolderSpec = 16;
			files = (
			);
			name = "Copy Files";
			runOnlyForDeploymentPostprocessing = 0;
		};
/* End PBXCopyFilesBuildPhase section */

/* Begin PBXFileReference section */
		836F69591B1FAFA2004C09C8 /* libConverter.a */ = {isa = PBXFileReference; explicitFileType = archive.ar; includeInIndex = 0; path = libConverter.a; sourceTree = BUILT_PRODUCTS_DIR; };
		836F69641B1FAFA2004C09C8 /* ConverterTests.xctest */ = {isa = PBXFileReference; explicitFileType = wrapper.cfbundle; includeInIndex = 0; path = ConverterTests.xctest; sourceTree = BUILT_PRODUCTS_DIR; };
		836F696A1B1FAFA2004C09C8 /* Info.plist */ = {isa = PBXFileReference; lastKnownFileType = text.plist.xml; path = Info.plist; sourceTree = "<group>"; };
		839865A81B23128C00F2A42F /* ConvertNumber.cpp */ = {isa = PBXFileReference; fileEncoding = 4; lastKnownFileType = sourcecode.cpp.cpp; path = ConvertNumber.cpp; sourceTree = SOURCE_ROOT; };
		839865A91B23128C00F2A42F /* ConvertNumber.h */ = {isa = PBXFileReference; fileEncoding = 4; lastKnownFileType = sourcecode.c.h; path = ConvertNumber.h; sourceTree = SOURCE_ROOT; };
/* End PBXFileReference section */

/* Begin PBXFrameworksBuildPhase section */
		836F69561B1FAFA2004C09C8 /* Frameworks */ = {
			isa = PBXFrameworksBuildPhase;
			buildActionMask = 2147483647;
			files = (
			);
			runOnlyForDeploymentPostprocessing = 0;
		};
		836F69611B1FAFA2004C09C8 /* Frameworks */ = {
			isa = PBXFrameworksBuildPhase;
			buildActionMask = 2147483647;
			files = (
				836F69651B1FAFA2004C09C8 /* libConverter.a in Frameworks */,
			);
			runOnlyForDeploymentPostprocessing = 0;
		};
/* End PBXFrameworksBuildPhase section */

/* Begin PBXGroup section */
		836F69501B1FAFA2004C09C8 = {
			isa = PBXGroup;
			children = (
				836F695B1B1FAFA2004C09C8 /* Converter */,
				836F69681B1FAFA2004C09C8 /* ConverterTests */,
				836F695A1B1FAFA2004C09C8 /* Products */,
			);
			sourceTree = "<group>";
		};
		836F695A1B1FAFA2004C09C8 /* Products */ = {
			isa = PBXGroup;
			children = (
				836F69591B1FAFA2004C09C8 /* libConverter.a */,
				836F69641B1FAFA2004C09C8 /* ConverterTests.xctest */,
			);
			name = Products;
			sourceTree = "<group>";
		};
		836F695B1B1FAFA2004C09C8 /* Converter */ = {
			isa = PBXGroup;
			children = (
				839865A81B23128C00F2A42F /* ConvertNumber.cpp */,
				839865A91B23128C00F2A42F /* ConvertNumber.h */,
			);
			path = Converter;
			sourceTree = "<group>";
		};
		836F69681B1FAFA2004C09C8 /* ConverterTests */ = {
			isa = PBXGroup;
			children = (
				836F69691B1FAFA2004C09C8 /* Supporting Files */,
			);
			path = ConverterTests;
			sourceTree = "<group>";
		};
		836F69691B1FAFA2004C09C8 /* Supporting Files */ = {
			isa = PBXGroup;
			children = (
				836F696A1B1FAFA2004C09C8 /* Info.plist */,
			);
			name = "Supporting Files";
			sourceTree = "<group>";
		};
/* End PBXGroup section */

/* Begin PBXHeadersBuildPhase section */
		839865AC1B23190900F2A42F /* Headers */ = {
			isa = PBXHeadersBuildPhase;
			buildActionMask = 2147483647;
			files = (
				839865AD1B23191E00F2A42F /* ConvertNumber.h in Headers */,
			);
			runOnlyForDeploymentPostprocessing = 0;
		};
/* End PBXHeadersBuildPhase section */

/* Begin PBXNativeTarget section */
		836F69581B1FAFA2004C09C8 /* Converter */ = {
			isa = PBXNativeTarget;
			buildConfigurationList = 836F696D1B1FAFA2004C09C8 /* Build configuration list for PBXNativeTarget "Converter" */;
			buildPhases = (
				836F69551B1FAFA2004C09C8 /* Sources */,
				836F69561B1FAFA2004C09C8 /* Frameworks */,
				836F69571B1FAFA2004C09C8 /* Copy Files */,
				839865AC1B23190900F2A42F /* Headers */,
			);
			buildRules = (
			);
			dependencies = (
			);
			name = Converter;
			productName = Converter;
			productReference = 836F69591B1FAFA2004C09C8 /* libConverter.a */;
			productType = "com.apple.product-type.library.static";
		};
		836F69631B1FAFA2004C09C8 /* ConverterTests */ = {
			isa = PBXNativeTarget;
			buildConfigurationList = 836F69701B1FAFA2004C09C8 /* Build configuration list for PBXNativeTarget "ConverterTests" */;
			buildPhases = (
				836F69601B1FAFA2004C09C8 /* Sources */,
				836F69611B1FAFA2004C09C8 /* Frameworks */,
				836F69621B1FAFA2004C09C8 /* Resources */,
			);
			buildRules = (
			);
			dependencies = (
				836F69671B1FAFA2004C09C8 /* PBXTargetDependency */,
			);
			name = ConverterTests;
			productName = ConverterTests;
			productReference = 836F69641B1FAFA2004C09C8 /* ConverterTests.xctest */;
			productType = "com.apple.product-type.bundle.unit-test";
		};
/* End PBXNativeTarget section */

/* Begin PBXProject section */
		836F69511B1FAFA2004C09C8 /* Project object */ = {
			isa = PBXProject;
			attributes = {
				LastUpgradeCheck = 0630;
				ORGANIZATIONNAME = kos;
				TargetAttributes = {
					836F69581B1FAFA2004C09C8 = {
						CreatedOnToolsVersion = 6.3.2;
					};
					836F69631B1FAFA2004C09C8 = {
						CreatedOnToolsVersion = 6.3.2;
					};
				};
			};
			buildConfigurationList = 836F69541B1FAFA2004C09C8 /* Build configuration list for PBXProject "Converter" */;
			compatibilityVersion = "Xcode 3.2";
			developmentRegion = English;
			hasScannedForEncodings = 0;
			knownRegions = (
				en,
			);
			mainGroup = 836F69501B1FAFA2004C09C8;
			productRefGroup = 836F695A1B1FAFA2004C09C8 /* Products */;
			projectDirPath = "";
			projectRoot = "";
			targets = (
				836F69581B1FAFA2004C09C8 /* Converter */,
				836F69631B1FAFA2004C09C8 /* ConverterTests */,
			);
		};
/* End PBXProject section */

/* Begin PBXResourcesBuildPhase section */
		836F69621B1FAFA2004C09C8 /* Resources */ = {
			isa = PBXResourcesBuildPhase;
			buildActionMask = 2147483647;
			files = (
			);
			runOnlyForDeploymentPostprocessing = 0;
		};
/* End PBXResourcesBuildPhase section */

/* Begin PBXSourcesBuildPhase section */
		836F69551B1FAFA2004C09C8 /* Sources */ = {
			isa = PBXSourcesBuildPhase;
			buildActionMask = 2147483647;
			files = (
				839865AA1B23128C00F2A42F /* ConvertNumber.cpp in Sources */,
			);
			runOnlyForDeploymentPostprocessing = 0;
		};
		836F69601B1FAFA2004C09C8 /* Sources */ = {
			isa = PBXSourcesBuildPhase;
			buildActionMask = 2147483647;
			files = (
			);
			runOnlyForDeploymentPostprocessing = 0;
		};
/* End PBXSourcesBuildPhase section */

/* Begin PBXTargetDependency section */
		836F69671B1FAFA2004C09C8 /* PBXTargetDependency */ = {
			isa = PBXTargetDependency;
			target = 836F69581B1FAFA2004C09C8 /* Converter */;
			targetProxy = 836F69661B1FAFA2004C09C8 /* PBXContainerItemProxy */;
		};
/* End PBXTargetDependency section */

/* Begin XCBuildConfiguration section */
		836F696B1B1FAFA2004C09C8 /* Debug */ = {
			isa = XCBuildConfiguration;
			buildSettings = {
				ALWAYS_SEARCH_USER_PATHS = NO;
				CLANG_CXX_LANGUAGE_STANDARD = "gnu++0x";
				CLANG_CXX_LIBRARY = "libc++";
				CLANG_ENABLE_MODULES = YES;
				CLANG_ENABLE_OBJC_ARC = YES;
				CLANG_WARN_BOOL_CONVERSION = YES;
				CLANG_WARN_CONSTANT_CONVERSION = YES;
				CLANG_WARN_DIRECT_OBJC_ISA_USAGE = YES_ERROR;
				CLANG_WARN_EMPTY_BODY = YES;
				CLANG_WARN_ENUM_CONVERSION = YES;
				CLANG_WARN_INT_CONVERSION = YES;
				CLANG_WARN_OBJC_ROOT_CLASS = YES_ERROR;
				CLANG_WARN_UNREACHABLE_CODE = YES;
				CLANG_WARN__DUPLICATE_METHOD_MATCH = YES;
				COPY_PHASE_STRIP = NO;
				DEBUG_INFORMATION_FORMAT = "dwarf-with-dsym";
				ENABLE_STRICT_OBJC_MSGSEND = YES;
				GCC_C_LANGUAGE_STANDARD = gnu99;
				GCC_DYNAMIC_NO_PIC = NO;
				GCC_NO_COMMON_BLOCKS = YES;
				GCC_OPTIMIZATION_LEVEL = 0;
				GCC_PREPROCESSOR_DEFINITIONS = (
					"DEBUG=1",
					"$(inherited)",
				);
				GCC_SYMBOLS_PRIVATE_EXTERN = NO;
				GCC_WARN_64_TO_32_BIT_CONVERSION = YES;
				GCC_WARN_ABOUT_RETURN_TYPE = YES_ERROR;
				GCC_WARN_UNDECLARED_SELECTOR = YES;
				GCC_WARN_UNINITIALIZED_AUTOS = YES_AGGRESSIVE;
				GCC_WARN_UNUSED_FUNCTION = YES;
				GCC_WARN_UNUSED_VARIABLE = YES;
				IPHONEOS_DEPLOYMENT_TARGET = 8.3;
				MTL_ENABLE_DEBUG_INFO = YES;
				ONLY_ACTIVE_ARCH = YES;
				SDKROOT = iphoneos;
			};
			name = Debug;
		};
		836F696C1B1FAFA2004C09C8 /* Release */ = {
			isa = XCBuildConfiguration;
			buildSettings = {
				ALWAYS_SEARCH_USER_PATHS = NO;
				CLANG_CXX_LANGUAGE_STANDARD = "gnu++0x";
				CLANG_CXX_LIBRARY = "libc++";
				CLANG_ENABLE_MODULES = YES;
				CLANG_ENABLE_OBJC_ARC = YES;
				CLANG_WARN_BOOL_CONVERSION = YES;
				CLANG_WARN_CONSTANT_CONVERSION = YES;
				CLANG_WARN_DIRECT_OBJC_ISA_USAGE = YES_ERROR;
				CLANG_WARN_EMPTY_BODY = YES;
				CLANG_WARN_ENUM_CONVERSION = YES;
				CLANG_WARN_INT_CONVERSION = YES;
				CLANG_WARN_OBJC_ROOT_CLASS = YES_ERROR;
				CLANG_WARN_UNREACHABLE_CODE = YES;
				CLANG_WARN__DUPLICATE_METHOD_MATCH = YES;
				COPY_PHASE_STRIP = NO;
				DEBUG_INFORMATION_FORMAT = "dwarf-with-dsym";
				ENABLE_NS_ASSERTIONS = NO;
				ENABLE_STRICT_OBJC_MSGSEND = YES;
				GCC_C_LANGUAGE_STANDARD = gnu99;
				GCC_NO_COMMON_BLOCKS = YES;
				GCC_WARN_64_TO_32_BIT_CONVERSION = YES;
				GCC_WARN_ABOUT_RETURN_TYPE = YES_ERROR;
				GCC_WARN_UNDECLARED_SELECTOR = YES;
				GCC_WARN_UNINITIALIZED_AUTOS = YES_AGGRESSIVE;
				GCC_WARN_UNUSED_FUNCTION = YES;
				GCC_WARN_UNUSED_VARIABLE = YES;
				IPHONEOS_DEPLOYMENT_TARGET = 8.3;
				MTL_ENABLE_DEBUG_INFO = NO;
				SDKROOT = iphoneos;
				VALIDATE_PRODUCT = YES;
			};
			name = Release;
		};
		836F696E1B1FAFA2004C09C8 /* Debug */ = {
			isa = XCBuildConfiguration;
			buildSettings = {
				DEAD_CODE_STRIPPING = NO;
				OTHER_LDFLAGS = "-ObjC";
				PRODUCT_NAME = "$(TARGET_NAME)";
				PUBLIC_HEADERS_FOLDER_PATH = "include/$(PROJECT_NAME)";
				SKIP_INSTALL = YES;
				STRIP_STYLE = "non-global";
			};
			name = Debug;
		};
		836F696F1B1FAFA2004C09C8 /* Release */ = {
			isa = XCBuildConfiguration;
			buildSettings = {
				DEAD_CODE_STRIPPING = NO;
				OTHER_LDFLAGS = "-ObjC";
				PRODUCT_NAME = "$(TARGET_NAME)";
				PUBLIC_HEADERS_FOLDER_PATH = "include/$(PROJECT_NAME)";
				SKIP_INSTALL = YES;
				STRIP_STYLE = "non-global";
			};
			name = Release;
		};
		836F69711B1FAFA2004C09C8 /* Debug */ = {
			isa = XCBuildConfiguration;
			buildSettings = {
				"CODE_SIGN_IDENTITY[sdk=iphoneos*]" = "iPhone Developer";
				FRAMEWORK_SEARCH_PATHS = (
					"$(SDKROOT)/Developer/Library/Frameworks",
					"$(inherited)",
				);
				GCC_PREPROCESSOR_DEFINITIONS = (
					"DEBUG=1",
					"$(inherited)",
				);
				INFOPLIST_FILE = ConverterTests/Info.plist;
				LD_RUNPATH_SEARCH_PATHS = "$(inherited) @executable_path/Frameworks @loader_path/Frameworks";
				PRODUCT_NAME = "$(TARGET_NAME)";
			};
			name = Debug;
		};
		836F69721B1FAFA2004C09C8 /* Release */ = {
			isa = XCBuildConfiguration;
			buildSettings = {
				"CODE_SIGN_IDENTITY[sdk=iphoneos*]" = "iPhone Developer";
				FRAMEWORK_SEARCH_PATHS = (
					"$(SDKROOT)/Developer/Library/Frameworks",
					"$(inherited)",
				);
				INFOPLIST_FILE = ConverterTests/Info.plist;
				LD_RUNPATH_SEARCH_PATHS = "$(inherited) @executable_path/Frameworks @loader_path/Frameworks";
				PRODUCT_NAME = "$(TARGET_NAME)";
			};
			name = Release;
		};
/* End XCBuildConfiguration section */

/* Begin XCConfigurationList section */
		836F69541B1FAFA2004C09C8 /* Build configuration list for PBXProject "Converter" */ = {
			isa = XCConfigurationList;
			buildConfigurations = (
				836F696B1B1FAFA2004C09C8 /* Debug */,
				836F696C1B1FAFA2004C09C8 /* Release */,
			);
			defaultConfigurationIsVisible = 0;
			defaultConfigurationName = Release;
		};
		836F696D1B1FAFA2004C09C8 /* Build configuration list for PBXNativeTarget "Converter" */ = {
			isa = XCConfigurationList;
			buildConfigurations = (
				836F696E1B1FAFA2004C09C8 /* Debug */,
				836F696F1B1FAFA2004C09C8 /* Release */,
			);
			defaultConfigurationIsVisible = 0;
			defaultConfigurationName = Release;
		};
		836F69701B1FAFA2004C09C8 /* Build configuration list for PBXNativeTarget "ConverterTests" */ = {
			isa = XCConfigurationList;
			buildConfigurations = (
				836F69711B1FAFA2004C09C8 /* Debug */,
				836F69721B1FAFA2004C09C8 /* Release */,
			);
			defaultConfigurationIsVisible = 0;
			defaultConfigurationName = Release;
		};
/* End XCConfigurationList section */
	};
	rootObject = 836F69511B1FAFA2004C09C8 /* Project object */;
}
